
Microsoft Visual Studio Solution File, Format Version 12.00
# Visual Studio Version 17
VisualStudioVersion = 17.14.36401.2 d17.14
MinimumVisualStudioVersion = 10.0.40219.1
Project("{FAE04EC0-301F-11D3-BF4B-00C04F79EFBC}") = "Exercicio_02", "Exercicio_02\Exercicio_02.csproj", "{31D07315-1A30-4FC0-8E12-8C171FCAA061}"
EndProject
Global
	GlobalSection(SolutionConfigurationPlatforms) = preSolution
		Debug|Any CPU = Debug|Any CPU
		Release|Any CPU = Release|Any CPU
	EndGlobalSection
	GlobalSection(ProjectConfigurationPlatforms) = postSolution
		{31D07315-1A30-4FC0-8E12-8C171FCAA061}.Debug|Any CPU.ActiveCfg = Debug|Any CPU
		{31D07315-1A30-4FC0-8E12-8C171FCAA061}.Debug|Any CPU.Build.0 = Debug|Any CPU
		{31D07315-1A30-4FC0-8E12-8C171FCAA061}.Release|Any CPU.ActiveCfg = Release|Any CPU
		{31D07315-1A30-4FC0-8E12-8C171FCAA061}.Release|Any CPU.Build.0 = Release|Any CPU
	EndGlobalSection
	GlobalSection(SolutionProperties) = preSolution
		HideSolutionNode = FALSE
	EndGlobalSection
	GlobalSection(ExtensibilityGlobals) = postSolution
		SolutionGuid = {0EE702F2-640D-41BE-B412-4CBBE889288F}
	EndGlobalSection
EndGlobal
