
Microsoft Visual Studio Solution File, Format Version 12.00
# Visual Studio Version 17
VisualStudioVersion = 17.14.36401.2 d17.14
MinimumVisualStudioVersion = 10.0.40219.1
Project("{FAE04EC0-301F-11D3-BF4B-00C04F79EFBC}") = "ProjetoMongoDB", "ProjetoMongoDB\ProjetoMongoDB.csproj", "{93BA9DE7-0129-458B-B1E6-884B502F43F9}"
EndProject
Global
	GlobalSection(SolutionConfigurationPlatforms) = preSolution
		Debug|Any CPU = Debug|Any CPU
		Release|Any CPU = Release|Any CPU
	EndGlobalSection
	GlobalSection(ProjectConfigurationPlatforms) = postSolution
		{93BA9DE7-0129-458B-B1E6-884B502F43F9}.Debug|Any CPU.ActiveCfg = Debug|Any CPU
		{93BA9DE7-0129-458B-B1E6-884B502F43F9}.Debug|Any CPU.Build.0 = Debug|Any CPU
		{93BA9DE7-0129-458B-B1E6-884B502F43F9}.Release|Any CPU.ActiveCfg = Release|Any CPU
		{93BA9DE7-0129-458B-B1E6-884B502F43F9}.Release|Any CPU.Build.0 = Release|Any CPU
	EndGlobalSection
	GlobalSection(SolutionProperties) = preSolution
		HideSolutionNode = FALSE
	EndGlobalSection
	GlobalSection(ExtensibilityGlobals) = postSolution
		SolutionGuid = {16DEA721-192D-47DE-B397-D71090C1AC1A}
	EndGlobalSection
EndGlobal
