
Microsoft Visual Studio Solution File, Format Version 12.00
# Visual Studio Version 17
VisualStudioVersion = 17.14.36401.2 d17.14
MinimumVisualStudioVersion = 10.0.40219.1
Project("{FAE04EC0-301F-11D3-BF4B-00C04F79EFBC}") = "Exercicio_04", "Exercicio_04\Exercicio_04.csproj", "{CF5995B7-F69F-4987-AB77-24BA1B2D5BD4}"
EndProject
Global
	GlobalSection(SolutionConfigurationPlatforms) = preSolution
		Debug|Any CPU = Debug|Any CPU
		Release|Any CPU = Release|Any CPU
	EndGlobalSection
	GlobalSection(ProjectConfigurationPlatforms) = postSolution
		{CF5995B7-F69F-4987-AB77-24BA1B2D5BD4}.Debug|Any CPU.ActiveCfg = Debug|Any CPU
		{CF5995B7-F69F-4987-AB77-24BA1B2D5BD4}.Debug|Any CPU.Build.0 = Debug|Any CPU
		{CF5995B7-F69F-4987-AB77-24BA1B2D5BD4}.Release|Any CPU.ActiveCfg = Release|Any CPU
		{CF5995B7-F69F-4987-AB77-24BA1B2D5BD4}.Release|Any CPU.Build.0 = Release|Any CPU
	EndGlobalSection
	GlobalSection(SolutionProperties) = preSolution
		HideSolutionNode = FALSE
	EndGlobalSection
	GlobalSection(ExtensibilityGlobals) = postSolution
		SolutionGuid = {FCFA1DDF-A088-405A-AF7D-EEAC39072923}
	EndGlobalSection
EndGlobal
