
Microsoft Visual Studio Solution File, Format Version 12.00
# Visual Studio Version 17
VisualStudioVersion = 17.14.36401.2 d17.14
MinimumVisualStudioVersion = 10.0.40219.1
Project("{FAE04EC0-301F-11D3-BF4B-00C04F79EFBC}") = "Exercicio_04", "Exercicio_04\Exercicio_04.csproj", "{DFA03260-009A-4D92-A580-D1B2B72BFB5D}"
EndProject
Global
	GlobalSection(SolutionConfigurationPlatforms) = preSolution
		Debug|Any CPU = Debug|Any CPU
		Release|Any CPU = Release|Any CPU
	EndGlobalSection
	GlobalSection(ProjectConfigurationPlatforms) = postSolution
		{DFA03260-009A-4D92-A580-D1B2B72BFB5D}.Debug|Any CPU.ActiveCfg = Debug|Any CPU
		{DFA03260-009A-4D92-A580-D1B2B72BFB5D}.Debug|Any CPU.Build.0 = Debug|Any CPU
		{DFA03260-009A-4D92-A580-D1B2B72BFB5D}.Release|Any CPU.ActiveCfg = Release|Any CPU
		{DFA03260-009A-4D92-A580-D1B2B72BFB5D}.Release|Any CPU.Build.0 = Release|Any CPU
	EndGlobalSection
	GlobalSection(SolutionProperties) = preSolution
		HideSolutionNode = FALSE
	EndGlobalSection
	GlobalSection(ExtensibilityGlobals) = postSolution
		SolutionGuid = {AFFBCA9F-DC16-4273-99C0-4303E46B9E88}
	EndGlobalSection
EndGlobal
