
Microsoft Visual Studio Solution File, Format Version 12.00
# Visual Studio Version 17
VisualStudioVersion = 17.14.36401.2
MinimumVisualStudioVersion = 10.0.40219.1
Project("{FAE04EC0-301F-11D3-BF4B-00C04F79EFBC}") = "Estudo_P1", "Estudo_P1\Estudo_P1.csproj", "{83283FEE-054C-430D-89A3-52E04CD4886A}"
EndProject
Project("{FAE04EC0-301F-11D3-BF4B-00C04F79EFBC}") = "Array_List", "Array_List\Array_List.csproj", "{BF5A4B33-4032-4F80-A5B3-6C4EB64AD1A9}"
EndProject
Project("{FAE04EC0-301F-11D3-BF4B-00C04F79EFBC}") = "Conversao", "Conversao\Conversao.csproj", "{F4ED2A84-75AD-4819-A2FB-933D1273690B}"
EndProject
Project("{FAE04EC0-301F-11D3-BF4B-00C04F79EFBC}") = "Interface", "Interface\Interface.csproj", "{2BC4ACEF-3715-4EE6-8EB2-FDDA3A987584}"
EndProject
Project("{FAE04EC0-301F-11D3-BF4B-00C04F79EFBC}") = "ICollection", "ICollection\ICollection.csproj", "{86961B9B-B43B-4171-8517-F5F74C252C33}"
EndProject
Project("{FAE04EC0-301F-11D3-BF4B-00C04F79EFBC}") = "Orientacao_Ao_Objeto", "Orientacao_Ao_Objeto\Orientacao_Ao_Objeto.csproj", "{C619F753-263A-4AEC-8365-E4D8DC6BFD43}"
EndProject
Global
	GlobalSection(SolutionConfigurationPlatforms) = preSolution
		Debug|Any CPU = Debug|Any CPU
		Release|Any CPU = Release|Any CPU
	EndGlobalSection
	GlobalSection(ProjectConfigurationPlatforms) = postSolution
		{83283FEE-054C-430D-89A3-52E04CD4886A}.Debug|Any CPU.ActiveCfg = Debug|Any CPU
		{83283FEE-054C-430D-89A3-52E04CD4886A}.Debug|Any CPU.Build.0 = Debug|Any CPU
		{83283FEE-054C-430D-89A3-52E04CD4886A}.Release|Any CPU.ActiveCfg = Release|Any CPU
		{83283FEE-054C-430D-89A3-52E04CD4886A}.Release|Any CPU.Build.0 = Release|Any CPU
		{BF5A4B33-4032-4F80-A5B3-6C4EB64AD1A9}.Debug|Any CPU.ActiveCfg = Debug|Any CPU
		{BF5A4B33-4032-4F80-A5B3-6C4EB64AD1A9}.Debug|Any CPU.Build.0 = Debug|Any CPU
		{BF5A4B33-4032-4F80-A5B3-6C4EB64AD1A9}.Release|Any CPU.ActiveCfg = Release|Any CPU
		{BF5A4B33-4032-4F80-A5B3-6C4EB64AD1A9}.Release|Any CPU.Build.0 = Release|Any CPU
		{F4ED2A84-75AD-4819-A2FB-933D1273690B}.Debug|Any CPU.ActiveCfg = Debug|Any CPU
		{F4ED2A84-75AD-4819-A2FB-933D1273690B}.Debug|Any CPU.Build.0 = Debug|Any CPU
		{F4ED2A84-75AD-4819-A2FB-933D1273690B}.Release|Any CPU.ActiveCfg = Release|Any CPU
		{F4ED2A84-75AD-4819-A2FB-933D1273690B}.Release|Any CPU.Build.0 = Release|Any CPU
		{2BC4ACEF-3715-4EE6-8EB2-FDDA3A987584}.Debug|Any CPU.ActiveCfg = Debug|Any CPU
		{2BC4ACEF-3715-4EE6-8EB2-FDDA3A987584}.Debug|Any CPU.Build.0 = Debug|Any CPU
		{2BC4ACEF-3715-4EE6-8EB2-FDDA3A987584}.Release|Any CPU.ActiveCfg = Release|Any CPU
		{2BC4ACEF-3715-4EE6-8EB2-FDDA3A987584}.Release|Any CPU.Build.0 = Release|Any CPU
		{86961B9B-B43B-4171-8517-F5F74C252C33}.Debug|Any CPU.ActiveCfg = Debug|Any CPU
		{86961B9B-B43B-4171-8517-F5F74C252C33}.Debug|Any CPU.Build.0 = Debug|Any CPU
		{86961B9B-B43B-4171-8517-F5F74C252C33}.Release|Any CPU.ActiveCfg = Release|Any CPU
		{86961B9B-B43B-4171-8517-F5F74C252C33}.Release|Any CPU.Build.0 = Release|Any CPU
		{C619F753-263A-4AEC-8365-E4D8DC6BFD43}.Debug|Any CPU.ActiveCfg = Debug|Any CPU
		{C619F753-263A-4AEC-8365-E4D8DC6BFD43}.Debug|Any CPU.Build.0 = Debug|Any CPU
		{C619F753-263A-4AEC-8365-E4D8DC6BFD43}.Release|Any CPU.ActiveCfg = Release|Any CPU
		{C619F753-263A-4AEC-8365-E4D8DC6BFD43}.Release|Any CPU.Build.0 = Release|Any CPU
	EndGlobalSection
	GlobalSection(SolutionProperties) = preSolution
		HideSolutionNode = FALSE
	EndGlobalSection
	GlobalSection(ExtensibilityGlobals) = postSolution
		SolutionGuid = {1D816146-0C8C-4855-939B-5C4635AF2B4D}
	EndGlobalSection
EndGlobal
