
Microsoft Visual Studio Solution File, Format Version 12.00
# Visual Studio Version 17
VisualStudioVersion = 17.13.35806.99 d17.13
MinimumVisualStudioVersion = 10.0.40219.1
Project("{FAE04EC0-301F-11D3-BF4B-00C04F79EFBC}") = "Array", "Array_ArrayList_List\Array.csproj", "{08CBF64B-938B-4485-B424-5E194AF34541}"
EndProject
Project("{FAE04EC0-301F-11D3-BF4B-00C04F79EFBC}") = "ArrayList", "ArrayList\ArrayList.csproj", "{0099A257-98CD-4E9D-BCC0-DE39C0E6BFE3}"
EndProject
Project("{FAE04EC0-301F-11D3-BF4B-00C04F79EFBC}") = "List", "List\List.csproj", "{3C81BD5C-79D9-4898-B65C-DCF0A6781CD8}"
EndProject
Global
	GlobalSection(SolutionConfigurationPlatforms) = preSolution
		Debug|Any CPU = Debug|Any CPU
		Release|Any CPU = Release|Any CPU
	EndGlobalSection
	GlobalSection(ProjectConfigurationPlatforms) = postSolution
		{08CBF64B-938B-4485-B424-5E194AF34541}.Debug|Any CPU.ActiveCfg = Debug|Any CPU
		{08CBF64B-938B-4485-B424-5E194AF34541}.Debug|Any CPU.Build.0 = Debug|Any CPU
		{08CBF64B-938B-4485-B424-5E194AF34541}.Release|Any CPU.ActiveCfg = Release|Any CPU
		{08CBF64B-938B-4485-B424-5E194AF34541}.Release|Any CPU.Build.0 = Release|Any CPU
		{0099A257-98CD-4E9D-BCC0-DE39C0E6BFE3}.Debug|Any CPU.ActiveCfg = Debug|Any CPU
		{0099A257-98CD-4E9D-BCC0-DE39C0E6BFE3}.Debug|Any CPU.Build.0 = Debug|Any CPU
		{0099A257-98CD-4E9D-BCC0-DE39C0E6BFE3}.Release|Any CPU.ActiveCfg = Release|Any CPU
		{0099A257-98CD-4E9D-BCC0-DE39C0E6BFE3}.Release|Any CPU.Build.0 = Release|Any CPU
		{3C81BD5C-79D9-4898-B65C-DCF0A6781CD8}.Debug|Any CPU.ActiveCfg = Debug|Any CPU
		{3C81BD5C-79D9-4898-B65C-DCF0A6781CD8}.Debug|Any CPU.Build.0 = Debug|Any CPU
		{3C81BD5C-79D9-4898-B65C-DCF0A6781CD8}.Release|Any CPU.ActiveCfg = Release|Any CPU
		{3C81BD5C-79D9-4898-B65C-DCF0A6781CD8}.Release|Any CPU.Build.0 = Release|Any CPU
	EndGlobalSection
	GlobalSection(SolutionProperties) = preSolution
		HideSolutionNode = FALSE
	EndGlobalSection
	GlobalSection(ExtensibilityGlobals) = postSolution
		SolutionGuid = {FC37F287-70D3-4837-AB5D-82DE2CA007B6}
	EndGlobalSection
EndGlobal
