
Microsoft Visual Studio Solution File, Format Version 12.00
# Visual Studio Version 17
VisualStudioVersion = 17.14.36401.2 d17.14
MinimumVisualStudioVersion = 10.0.40219.1
Project("{FAE04EC0-301F-11D3-BF4B-00C04F79EFBC}") = "Array_ArrayList_List", "Array_ArrayList_List\Array_ArrayList_List.csproj", "{2A97E1D8-EE68-4473-AA93-CBD2EB7C67D4}"
EndProject
Global
	GlobalSection(SolutionConfigurationPlatforms) = preSolution
		Debug|Any CPU = Debug|Any CPU
		Release|Any CPU = Release|Any CPU
	EndGlobalSection
	GlobalSection(ProjectConfigurationPlatforms) = postSolution
		{2A97E1D8-EE68-4473-AA93-CBD2EB7C67D4}.Debug|Any CPU.ActiveCfg = Debug|Any CPU
		{2A97E1D8-EE68-4473-AA93-CBD2EB7C67D4}.Debug|Any CPU.Build.0 = Debug|Any CPU
		{2A97E1D8-EE68-4473-AA93-CBD2EB7C67D4}.Release|Any CPU.ActiveCfg = Release|Any CPU
		{2A97E1D8-EE68-4473-AA93-CBD2EB7C67D4}.Release|Any CPU.Build.0 = Release|Any CPU
	EndGlobalSection
	GlobalSection(SolutionProperties) = preSolution
		HideSolutionNode = FALSE
	EndGlobalSection
	GlobalSection(ExtensibilityGlobals) = postSolution
		SolutionGuid = {0B9777D7-3AE5-4F8D-B1B3-FF45B59BECDF}
	EndGlobalSection
EndGlobal
