
Microsoft Visual Studio Solution File, Format Version 12.00
# Visual Studio Version 17
VisualStudioVersion = 17.12.35707.178 d17.12
MinimumVisualStudioVersion = 10.0.40219.1
Project("{FAE04EC0-301F-11D3-BF4B-00C04F79EFBC}") = "Array", "Array_ArrayList_List\Array.csproj", "{0DAEE6A4-8CAE-4BE5-8E77-04A1E57B595F}"
EndProject
Project("{FAE04EC0-301F-11D3-BF4B-00C04F79EFBC}") = "ArrayList", "ArrayList\ArrayList.csproj", "{C141B622-2D96-4262-952B-03E739FDA6E4}"
EndProject
Project("{FAE04EC0-301F-11D3-BF4B-00C04F79EFBC}") = "List", "List\List.csproj", "{E875B605-C11F-45AD-B31D-440A3D5B5594}"
EndProject
Global
	GlobalSection(SolutionConfigurationPlatforms) = preSolution
		Debug|Any CPU = Debug|Any CPU
		Release|Any CPU = Release|Any CPU
	EndGlobalSection
	GlobalSection(ProjectConfigurationPlatforms) = postSolution
		{0DAEE6A4-8CAE-4BE5-8E77-04A1E57B595F}.Debug|Any CPU.ActiveCfg = Debug|Any CPU
		{0DAEE6A4-8CAE-4BE5-8E77-04A1E57B595F}.Debug|Any CPU.Build.0 = Debug|Any CPU
		{0DAEE6A4-8CAE-4BE5-8E77-04A1E57B595F}.Release|Any CPU.ActiveCfg = Release|Any CPU
		{0DAEE6A4-8CAE-4BE5-8E77-04A1E57B595F}.Release|Any CPU.Build.0 = Release|Any CPU
		{C141B622-2D96-4262-952B-03E739FDA6E4}.Debug|Any CPU.ActiveCfg = Debug|Any CPU
		{C141B622-2D96-4262-952B-03E739FDA6E4}.Debug|Any CPU.Build.0 = Debug|Any CPU
		{C141B622-2D96-4262-952B-03E739FDA6E4}.Release|Any CPU.ActiveCfg = Release|Any CPU
		{C141B622-2D96-4262-952B-03E739FDA6E4}.Release|Any CPU.Build.0 = Release|Any CPU
		{E875B605-C11F-45AD-B31D-440A3D5B5594}.Debug|Any CPU.ActiveCfg = Debug|Any CPU
		{E875B605-C11F-45AD-B31D-440A3D5B5594}.Debug|Any CPU.Build.0 = Debug|Any CPU
		{E875B605-C11F-45AD-B31D-440A3D5B5594}.Release|Any CPU.ActiveCfg = Release|Any CPU
		{E875B605-C11F-45AD-B31D-440A3D5B5594}.Release|Any CPU.Build.0 = Release|Any CPU
	EndGlobalSection
	GlobalSection(SolutionProperties) = preSolution
		HideSolutionNode = FALSE
	EndGlobalSection
EndGlobal
