
Microsoft Visual Studio Solution File, Format Version 12.00
# Visual Studio Version 17
VisualStudioVersion = 17.13.35806.99 d17.13
MinimumVisualStudioVersion = 10.0.40219.1
Project("{FAE04EC0-301F-11D3-BF4B-00C04F79EFBC}") = "Interface", "Interface\Interface.csproj", "{2E7908DE-FE85-4740-8870-290A34FA0FB5}"
EndProject
Project("{FAE04EC0-301F-11D3-BF4B-00C04F79EFBC}") = "IEnumerable", "IEnumerable\IEnumerable.csproj", "{7C6CED2D-9C87-40AD-A588-59A47103D67B}"
EndProject
Project("{FAE04EC0-301F-11D3-BF4B-00C04F79EFBC}") = "ICollection", "ICollection\ICollection.csproj", "{C3E285BA-D862-447F-8040-0AC2F65BEBFA}"
EndProject
Global
	GlobalSection(SolutionConfigurationPlatforms) = preSolution
		Debug|Any CPU = Debug|Any CPU
		Release|Any CPU = Release|Any CPU
	EndGlobalSection
	GlobalSection(ProjectConfigurationPlatforms) = postSolution
		{2E7908DE-FE85-4740-8870-290A34FA0FB5}.Debug|Any CPU.ActiveCfg = Debug|Any CPU
		{2E7908DE-FE85-4740-8870-290A34FA0FB5}.Debug|Any CPU.Build.0 = Debug|Any CPU
		{2E7908DE-FE85-4740-8870-290A34FA0FB5}.Release|Any CPU.ActiveCfg = Release|Any CPU
		{2E7908DE-FE85-4740-8870-290A34FA0FB5}.Release|Any CPU.Build.0 = Release|Any CPU
		{7C6CED2D-9C87-40AD-A588-59A47103D67B}.Debug|Any CPU.ActiveCfg = Debug|Any CPU
		{7C6CED2D-9C87-40AD-A588-59A47103D67B}.Debug|Any CPU.Build.0 = Debug|Any CPU
		{7C6CED2D-9C87-40AD-A588-59A47103D67B}.Release|Any CPU.ActiveCfg = Release|Any CPU
		{7C6CED2D-9C87-40AD-A588-59A47103D67B}.Release|Any CPU.Build.0 = Release|Any CPU
		{C3E285BA-D862-447F-8040-0AC2F65BEBFA}.Debug|Any CPU.ActiveCfg = Debug|Any CPU
		{C3E285BA-D862-447F-8040-0AC2F65BEBFA}.Debug|Any CPU.Build.0 = Debug|Any CPU
		{C3E285BA-D862-447F-8040-0AC2F65BEBFA}.Release|Any CPU.ActiveCfg = Release|Any CPU
		{C3E285BA-D862-447F-8040-0AC2F65BEBFA}.Release|Any CPU.Build.0 = Release|Any CPU
	EndGlobalSection
	GlobalSection(SolutionProperties) = preSolution
		HideSolutionNode = FALSE
	EndGlobalSection
	GlobalSection(ExtensibilityGlobals) = postSolution
		SolutionGuid = {36E8E020-5BAD-4D72-B7F8-DC302C67EE06}
	EndGlobalSection
EndGlobal
