
Microsoft Visual Studio Solution File, Format Version 12.00
# Visual Studio Version 17
VisualStudioVersion = 17.14.36623.8
MinimumVisualStudioVersion = 10.0.40219.1
Project("{FAE04EC0-301F-11D3-BF4B-00C04F79EFBC}") = "Exercicio_01", "Exercicio_01\Exercicio_01.csproj", "{3D9DB7D5-7438-4ADA-B3E8-B6BB39BC13D9}"
EndProject
Project("{FAE04EC0-301F-11D3-BF4B-00C04F79EFBC}") = "Exercicio_02", "..\Exercicio_02\Exercicio_02.csproj", "{2B92F736-FFBF-4B61-9778-E9C302DE6F52}"
EndProject
Project("{FAE04EC0-301F-11D3-BF4B-00C04F79EFBC}") = "Exercicio_03", "..\Exercicio_03\Exercicio_03.csproj", "{3A1F5E05-E798-4E16-85A3-1EC123178957}"
EndProject
Project("{FAE04EC0-301F-11D3-BF4B-00C04F79EFBC}") = "Exercicio_04", "..\Exercicio_04\Exercicio_04.csproj", "{92E5B438-8304-4FC4-87CD-0BB6446A20B9}"
EndProject
Project("{FAE04EC0-301F-11D3-BF4B-00C04F79EFBC}") = "Exercicio_05", "..\Exercicio_05\Exercicio_05.csproj", "{60F986DA-B84C-4EA0-B76F-4811E0FFDA05}"
EndProject
Global
	GlobalSection(SolutionConfigurationPlatforms) = preSolution
		Debug|Any CPU = Debug|Any CPU
		Release|Any CPU = Release|Any CPU
	EndGlobalSection
	GlobalSection(ProjectConfigurationPlatforms) = postSolution
		{3D9DB7D5-7438-4ADA-B3E8-B6BB39BC13D9}.Debug|Any CPU.ActiveCfg = Debug|Any CPU
		{3D9DB7D5-7438-4ADA-B3E8-B6BB39BC13D9}.Debug|Any CPU.Build.0 = Debug|Any CPU
		{3D9DB7D5-7438-4ADA-B3E8-B6BB39BC13D9}.Release|Any CPU.ActiveCfg = Release|Any CPU
		{3D9DB7D5-7438-4ADA-B3E8-B6BB39BC13D9}.Release|Any CPU.Build.0 = Release|Any CPU
		{2B92F736-FFBF-4B61-9778-E9C302DE6F52}.Debug|Any CPU.ActiveCfg = Debug|Any CPU
		{2B92F736-FFBF-4B61-9778-E9C302DE6F52}.Debug|Any CPU.Build.0 = Debug|Any CPU
		{2B92F736-FFBF-4B61-9778-E9C302DE6F52}.Release|Any CPU.ActiveCfg = Release|Any CPU
		{2B92F736-FFBF-4B61-9778-E9C302DE6F52}.Release|Any CPU.Build.0 = Release|Any CPU
		{3A1F5E05-E798-4E16-85A3-1EC123178957}.Debug|Any CPU.ActiveCfg = Debug|Any CPU
		{3A1F5E05-E798-4E16-85A3-1EC123178957}.Debug|Any CPU.Build.0 = Debug|Any CPU
		{3A1F5E05-E798-4E16-85A3-1EC123178957}.Release|Any CPU.ActiveCfg = Release|Any CPU
		{3A1F5E05-E798-4E16-85A3-1EC123178957}.Release|Any CPU.Build.0 = Release|Any CPU
		{92E5B438-8304-4FC4-87CD-0BB6446A20B9}.Debug|Any CPU.ActiveCfg = Debug|Any CPU
		{92E5B438-8304-4FC4-87CD-0BB6446A20B9}.Debug|Any CPU.Build.0 = Debug|Any CPU
		{92E5B438-8304-4FC4-87CD-0BB6446A20B9}.Release|Any CPU.ActiveCfg = Release|Any CPU
		{92E5B438-8304-4FC4-87CD-0BB6446A20B9}.Release|Any CPU.Build.0 = Release|Any CPU
		{60F986DA-B84C-4EA0-B76F-4811E0FFDA05}.Debug|Any CPU.ActiveCfg = Debug|Any CPU
		{60F986DA-B84C-4EA0-B76F-4811E0FFDA05}.Debug|Any CPU.Build.0 = Debug|Any CPU
		{60F986DA-B84C-4EA0-B76F-4811E0FFDA05}.Release|Any CPU.ActiveCfg = Release|Any CPU
		{60F986DA-B84C-4EA0-B76F-4811E0FFDA05}.Release|Any CPU.Build.0 = Release|Any CPU
	EndGlobalSection
	GlobalSection(SolutionProperties) = preSolution
		HideSolutionNode = FALSE
	EndGlobalSection
	GlobalSection(ExtensibilityGlobals) = postSolution
		SolutionGuid = {2E6257F6-EBF1-4456-A652-1F0DF059B105}
	EndGlobalSection
EndGlobal
