
Microsoft Visual Studio Solution File, Format Version 12.00
# Visual Studio Version 17
VisualStudioVersion = 17.14.36401.2 d17.14
MinimumVisualStudioVersion = 10.0.40219.1
Project("{FAE04EC0-301F-11D3-BF4B-00C04F79EFBC}") = "Exercicio_02", "Exercicio_02\Exercicio_02.csproj", "{C69523D0-FF5F-4D04-89B5-7D34F4DB9666}"
EndProject
Global
	GlobalSection(SolutionConfigurationPlatforms) = preSolution
		Debug|Any CPU = Debug|Any CPU
		Release|Any CPU = Release|Any CPU
	EndGlobalSection
	GlobalSection(ProjectConfigurationPlatforms) = postSolution
		{C69523D0-FF5F-4D04-89B5-7D34F4DB9666}.Debug|Any CPU.ActiveCfg = Debug|Any CPU
		{C69523D0-FF5F-4D04-89B5-7D34F4DB9666}.Debug|Any CPU.Build.0 = Debug|Any CPU
		{C69523D0-FF5F-4D04-89B5-7D34F4DB9666}.Release|Any CPU.ActiveCfg = Release|Any CPU
		{C69523D0-FF5F-4D04-89B5-7D34F4DB9666}.Release|Any CPU.Build.0 = Release|Any CPU
	EndGlobalSection
	GlobalSection(SolutionProperties) = preSolution
		HideSolutionNode = FALSE
	EndGlobalSection
	GlobalSection(ExtensibilityGlobals) = postSolution
		SolutionGuid = {B3FF9B27-4BD3-4E48-9A56-3725A989629B}
	EndGlobalSection
EndGlobal
